// !$*UTF8*$!
{
	archiveVersion = 1;
	classes = {
	};
	objectVersion = 46;
	objects = {

/* Begin PBXBuildFile section */
		2A1DDC8F1BFB1DF600F7722A /* ViewController.xib in Resources */ = {isa = PBXBuildFile; fileRef = 2A1DDC8E1BFB1DF600F7722A /* ViewController.xib */; };
		2A3821001BFB5EEB00328618 /* AppDelegate.swift in Sources */ = {isa = PBXBuildFile; fileRef = 2A3820FF1BFB5EEB00328618 /* AppDelegate.swift */; };
		2A3821021BFB607A00328618 /* ViewController.swift in Sources */ = {isa = PBXBuildFile; fileRef = 2A3821011BFB607A00328618 /* ViewController.swift */; };
		2A3821161BFB641E00328618 /* AppDelegate.swift in Sources */ = {isa = PBXBuildFile; fileRef = 2A3820FF1BFB5EEB00328618 /* AppDelegate.swift */; };
		2A3821171BFB642000328618 /* ViewController.swift in Sources */ = {isa = PBXBuildFile; fileRef = 2A3821011BFB607A00328618 /* ViewController.swift */; };
		2A8A9A7E1BFA59F7002944B4 /* Assets.xcassets in Resources */ = {isa = PBXBuildFile; fileRef = 2A8A9A7D1BFA59F7002944B4 /* Assets.xcassets */; };
		2A8A9A851BFA5AFF002944B4 /* ViewController~tv.xib in Resources */ = {isa = PBXBuildFile; fileRef = 2A8A9A841BFA5AFF002944B4 /* ViewController~tv.xib */; };
		2A8A9A871BFA5B6A002944B4 /* FSOpenSSL.m in Sources */ = {isa = PBXBuildFile; fileRef = D1E97EE2A904D58DAE4231E2 /* FSOpenSSL.m */; };
		2A8A9A8A1BFA5B85002944B4 /* libcrypto-tvOS.a in Frameworks */ = {isa = PBXBuildFile; fileRef = 2A8A9A881BFA5B85002944B4 /* libcrypto-tvOS.a */; };
		2A8A9A8B1BFA5B85002944B4 /* libssl-tvOS.a in Frameworks */ = {isa = PBXBuildFile; fileRef = 2A8A9A891BFA5B85002944B4 /* libssl-tvOS.a */; };
		533ED3001528C4840005C6FA /* UIKit.framework in Frameworks */ = {isa = PBXBuildFile; fileRef = 533ED2FF1528C4840005C6FA /* UIKit.framework */; };
		533ED3021528C4840005C6FA /* Foundation.framework in Frameworks */ = {isa = PBXBuildFile; fileRef = 533ED3011528C4840005C6FA /* Foundation.framework */; };
		533ED3041528C4840005C6FA /* CoreGraphics.framework in Frameworks */ = {isa = PBXBuildFile; fileRef = 533ED3031528C4840005C6FA /* CoreGraphics.framework */; };
		533ED32C1528C53B0005C6FA /* libcrypto.a in Frameworks */ = {isa = PBXBuildFile; fileRef = 533ED32A1528C53B0005C6FA /* libcrypto.a */; };
		533ED32D1528C53B0005C6FA /* libssl.a in Frameworks */ = {isa = PBXBuildFile; fileRef = 533ED32B1528C53B0005C6FA /* libssl.a */; };
		534FB2AE180975D700B5F868 /* Icons.xcassets in Resources */ = {isa = PBXBuildFile; fileRef = 534FB2AD180975D700B5F868 /* Icons.xcassets */; };
		53572A4D183AAFFE00B21832 /* XCTest.framework in Frameworks */ = {isa = PBXBuildFile; fileRef = 53572A4C183AAFFE00B21832 /* XCTest.framework */; };
		53572A4E183AAFFE00B21832 /* Foundation.framework in Frameworks */ = {isa = PBXBuildFile; fileRef = 533ED3011528C4840005C6FA /* Foundation.framework */; };
		53572A4F183AAFFE00B21832 /* UIKit.framework in Frameworks */ = {isa = PBXBuildFile; fileRef = 533ED2FF1528C4840005C6FA /* UIKit.framework */; };
		53572A55183AAFFE00B21832 /* InfoPlist.strings in Resources */ = {isa = PBXBuildFile; fileRef = 53572A53183AAFFE00B21832 /* InfoPlist.strings */; };
		53572A57183AAFFE00B21832 /* FSOpenSSLTests.m in Sources */ = {isa = PBXBuildFile; fileRef = 53572A56183AAFFE00B21832 /* FSOpenSSLTests.m */; };
		D1E978031547EE765CD39AD2 /* FSOpenSSL.m in Sources */ = {isa = PBXBuildFile; fileRef = D1E97EE2A904D58DAE4231E2 /* FSOpenSSL.m */; };
/* End PBXBuildFile section */

/* Begin PBXContainerItemProxy section */
		53572A59183AAFFE00B21832 /* PBXContainerItemProxy */ = {
			isa = PBXContainerItemProxy;
			containerPortal = 533ED2F21528C4840005C6FA /* Project object */;
			proxyType = 1;
			remoteGlobalIDString = 533ED2FA1528C4840005C6FA;
			remoteInfo = "OpenSSL-for-iOS";
		};
/* End PBXContainerItemProxy section */

/* Begin PBXFileReference section */
		2A1DDC8E1BFB1DF600F7722A /* ViewController.xib */ = {isa = PBXFileReference; fileEncoding = 4; lastKnownFileType = file.xib; path = ViewController.xib; sourceTree = "<group>"; };
		2A3820FE1BFB5EEA00328618 /* OpenSSL-for-iOS-Bridging-Header.h */ = {isa = PBXFileReference; lastKnownFileType = sourcecode.c.h; path = "OpenSSL-for-iOS-Bridging-Header.h"; sourceTree = "<group>"; };
		2A3820FF1BFB5EEB00328618 /* AppDelegate.swift */ = {isa = PBXFileReference; fileEncoding = 4; lastKnownFileType = sourcecode.swift; path = AppDelegate.swift; sourceTree = "<group>"; };
		2A3821011BFB607A00328618 /* ViewController.swift */ = {isa = PBXFileReference; fileEncoding = 4; lastKnownFileType = sourcecode.swift; path = ViewController.swift; sourceTree = "<group>"; };
		2A8A9A6F1BFA59F7002944B4 /* OpenSSL-for-tvOS.app */ = {isa = PBXFileReference; explicitFileType = wrapper.application; includeInIndex = 0; path = "OpenSSL-for-tvOS.app"; sourceTree = BUILT_PRODUCTS_DIR; };
		2A8A9A7D1BFA59F7002944B4 /* Assets.xcassets */ = {isa = PBXFileReference; lastKnownFileType = folder.assetcatalog; path = Assets.xcassets; sourceTree = "<group>"; };
		2A8A9A7F1BFA59F7002944B4 /* Info.plist */ = {isa = PBXFileReference; lastKnownFileType = text.plist.xml; path = Info.plist; sourceTree = "<group>"; };
		2A8A9A841BFA5AFF002944B4 /* ViewController~tv.xib */ = {isa = PBXFileReference; fileEncoding = 4; lastKnownFileType = file.xib; path = "ViewController~tv.xib"; sourceTree = "<group>"; };
		2A8A9A881BFA5B85002944B4 /* libcrypto-tvOS.a */ = {isa = PBXFileReference; lastKnownFileType = archive.ar; name = "libcrypto-tvOS.a"; path = "lib/libcrypto-tvOS.a"; sourceTree = "<group>"; };
		2A8A9A891BFA5B85002944B4 /* libssl-tvOS.a */ = {isa = PBXFileReference; lastKnownFileType = archive.ar; name = "libssl-tvOS.a"; path = "lib/libssl-tvOS.a"; sourceTree = "<group>"; };
		533ED2FB1528C4840005C6FA /* OpenSSL.app */ = {isa = PBXFileReference; explicitFileType = wrapper.application; includeInIndex = 0; path = OpenSSL.app; sourceTree = BUILT_PRODUCTS_DIR; };
		533ED2FF1528C4840005C6FA /* UIKit.framework */ = {isa = PBXFileReference; lastKnownFileType = wrapper.framework; name = UIKit.framework; path = System/Library/Frameworks/UIKit.framework; sourceTree = SDKROOT; };
		533ED3011528C4840005C6FA /* Foundation.framework */ = {isa = PBXFileReference; lastKnownFileType = wrapper.framework; name = Foundation.framework; path = System/Library/Frameworks/Foundation.framework; sourceTree = SDKROOT; };
		533ED3031528C4840005C6FA /* CoreGraphics.framework */ = {isa = PBXFileReference; lastKnownFileType = wrapper.framework; name = CoreGraphics.framework; path = System/Library/Frameworks/CoreGraphics.framework; sourceTree = SDKROOT; };
		533ED3071528C4840005C6FA /* OpenSSL-for-iOS-Info.plist */ = {isa = PBXFileReference; lastKnownFileType = text.plist.xml; path = "OpenSSL-for-iOS-Info.plist"; sourceTree = "<group>"; };
		533ED30D1528C4840005C6FA /* OpenSSL-for-iOS-Prefix.pch */ = {isa = PBXFileReference; lastKnownFileType = sourcecode.c.h; path = "OpenSSL-for-iOS-Prefix.pch"; sourceTree = "<group>"; };
		533ED32A1528C53B0005C6FA /* libcrypto.a */ = {isa = PBXFileReference; lastKnownFileType = archive.ar; name = libcrypto.a; path = lib/libcrypto.a; sourceTree = "<group>"; };
		533ED32B1528C53B0005C6FA /* libssl.a */ = {isa = PBXFileReference; lastKnownFileType = archive.ar; name = libssl.a; path = lib/libssl.a; sourceTree = "<group>"; };
		534FB2AD180975D700B5F868 /* Icons.xcassets */ = {isa = PBXFileReference; lastKnownFileType = folder.assetcatalog; path = Icons.xcassets; sourceTree = "<group>"; };
		53572A4B183AAFFE00B21832 /* OpenSSL-for-iOS_Tests.xctest */ = {isa = PBXFileReference; explicitFileType = wrapper.cfbundle; includeInIndex = 0; path = "OpenSSL-for-iOS_Tests.xctest"; sourceTree = BUILT_PRODUCTS_DIR; };
		53572A4C183AAFFE00B21832 /* XCTest.framework */ = {isa = PBXFileReference; lastKnownFileType = wrapper.framework; name = XCTest.framework; path = Library/Frameworks/XCTest.framework; sourceTree = DEVELOPER_DIR; };
		53572A52183AAFFE00B21832 /* OpenSSL-for-iOS_Tests-Info.plist */ = {isa = PBXFileReference; lastKnownFileType = text.plist.xml; path = "OpenSSL-for-iOS_Tests-Info.plist"; sourceTree = "<group>"; };
		53572A54183AAFFE00B21832 /* en */ = {isa = PBXFileReference; lastKnownFileType = text.plist.strings; name = en; path = en.lproj/InfoPlist.strings; sourceTree = "<group>"; };
		53572A56183AAFFE00B21832 /* FSOpenSSLTests.m */ = {isa = PBXFileReference; lastKnownFileType = sourcecode.c.objc; path = FSOpenSSLTests.m; sourceTree = "<group>"; };
		53572A58183AAFFE00B21832 /* OpenSSL-for-iOS_Tests-Prefix.pch */ = {isa = PBXFileReference; lastKnownFileType = sourcecode.c.h; path = "OpenSSL-for-iOS_Tests-Prefix.pch"; sourceTree = "<group>"; };
		D1E979D803ACC127411934DC /* FSOpenSSL.h */ = {isa = PBXFileReference; fileEncoding = 4; lastKnownFileType = sourcecode.c.h; path = FSOpenSSL.h; sourceTree = "<group>"; };
		D1E97EE2A904D58DAE4231E2 /* FSOpenSSL.m */ = {isa = PBXFileReference; fileEncoding = 4; lastKnownFileType = sourcecode.c.objc; path = FSOpenSSL.m; sourceTree = "<group>"; };
		FD5896FA1B2F1FAA00F3E5B5 /* build-libssl.sh */ = {isa = PBXFileReference; lastKnownFileType = text.script.sh; path = "build-libssl.sh"; sourceTree = "<group>"; };
		FD5896FB1B2F1FB800F3E5B5 /* create-openssl-framework.sh */ = {isa = PBXFileReference; lastKnownFileType = text.script.sh; path = "create-openssl-framework.sh"; sourceTree = "<group>"; };
		FD5896FC1B2F1FF900F3E5B5 /* README.md */ = {isa = PBXFileReference; lastKnownFileType = net.daringfireball.markdown; path = README.md; sourceTree = "<group>"; };
/* End PBXFileReference section */

/* Begin PBXFrameworksBuildPhase section */
		2A8A9A6C1BFA59F7002944B4 /* Frameworks */ = {
			isa = PBXFrameworksBuildPhase;
			buildActionMask = 2147483647;
			files = (
				2A8A9A8B1BFA5B85002944B4 /* libssl-tvOS.a in Frameworks */,
				2A8A9A8A1BFA5B85002944B4 /* libcrypto-tvOS.a in Frameworks */,
			);
			runOnlyForDeploymentPostprocessing = 0;
		};
		533ED2F81528C4840005C6FA /* Frameworks */ = {
			isa = PBXFrameworksBuildPhase;
			buildActionMask = 2147483647;
			files = (
				533ED3001528C4840005C6FA /* UIKit.framework in Frameworks */,
				533ED3021528C4840005C6FA /* Foundation.framework in Frameworks */,
				533ED3041528C4840005C6FA /* CoreGraphics.framework in Frameworks */,
				533ED32C1528C53B0005C6FA /* libcrypto.a in Frameworks */,
				533ED32D1528C53B0005C6FA /* libssl.a in Frameworks */,
			);
			runOnlyForDeploymentPostprocessing = 0;
		};
		53572A48183AAFFE00B21832 /* Frameworks */ = {
			isa = PBXFrameworksBuildPhase;
			buildActionMask = 2147483647;
			files = (
				53572A4D183AAFFE00B21832 /* XCTest.framework in Frameworks */,
				53572A4F183AAFFE00B21832 /* UIKit.framework in Frameworks */,
				53572A4E183AAFFE00B21832 /* Foundation.framework in Frameworks */,
			);
			runOnlyForDeploymentPostprocessing = 0;
		};
/* End PBXFrameworksBuildPhase section */

/* Begin PBXGroup section */
		2A8A9A701BFA59F7002944B4 /* OpenSSL-for-tvOS */ = {
			isa = PBXGroup;
			children = (
				2A8A9A7D1BFA59F7002944B4 /* Assets.xcassets */,
				2A8A9A7F1BFA59F7002944B4 /* Info.plist */,
			);
			path = "OpenSSL-for-tvOS";
			sourceTree = "<group>";
		};
		533ED2F01528C4840005C6FA = {
			isa = PBXGroup;
			children = (
				FD5896FC1B2F1FF900F3E5B5 /* README.md */,
				533ED3051528C4840005C6FA /* OpenSSL-for-iOS */,
				53572A50183AAFFE00B21832 /* OpenSSL-for-iOS_Tests */,
				2A8A9A701BFA59F7002944B4 /* OpenSSL-for-tvOS */,
				FD5896FD1B2F1FFC00F3E5B5 /* Scripts */,
				533ED2FE1528C4840005C6FA /* Frameworks */,
				533ED2FC1528C4840005C6FA /* Products */,
			);
			sourceTree = "<group>";
		};
		533ED2FC1528C4840005C6FA /* Products */ = {
			isa = PBXGroup;
			children = (
				533ED2FB1528C4840005C6FA /* OpenSSL.app */,
				53572A4B183AAFFE00B21832 /* OpenSSL-for-iOS_Tests.xctest */,
				2A8A9A6F1BFA59F7002944B4 /* OpenSSL-for-tvOS.app */,
			);
			name = Products;
			sourceTree = "<group>";
		};
		533ED2FE1528C4840005C6FA /* Frameworks */ = {
			isa = PBXGroup;
			children = (
				2A8A9A881BFA5B85002944B4 /* libcrypto-tvOS.a */,
				2A8A9A891BFA5B85002944B4 /* libssl-tvOS.a */,
				533ED32A1528C53B0005C6FA /* libcrypto.a */,
				533ED32B1528C53B0005C6FA /* libssl.a */,
				533ED2FF1528C4840005C6FA /* UIKit.framework */,
				533ED3011528C4840005C6FA /* Foundation.framework */,
				533ED3031528C4840005C6FA /* CoreGraphics.framework */,
				53572A4C183AAFFE00B21832 /* XCTest.framework */,
			);
			name = Frameworks;
			sourceTree = "<group>";
		};
		533ED3051528C4840005C6FA /* OpenSSL-for-iOS */ = {
			isa = PBXGroup;
			children = (
				2A3820FF1BFB5EEB00328618 /* AppDelegate.swift */,
				2A3821011BFB607A00328618 /* ViewController.swift */,
				2A1DDC8E1BFB1DF600F7722A /* ViewController.xib */,
				2A8A9A841BFA5AFF002944B4 /* ViewController~tv.xib */,
				533ED3061528C4840005C6FA /* Supporting Files */,
				D1E97EE2A904D58DAE4231E2 /* FSOpenSSL.m */,
				D1E979D803ACC127411934DC /* FSOpenSSL.h */,
				534FB2AD180975D700B5F868 /* Icons.xcassets */,
			);
			path = "OpenSSL-for-iOS";
			sourceTree = "<group>";
		};
		533ED3061528C4840005C6FA /* Supporting Files */ = {
			isa = PBXGroup;
			children = (
				533ED3071528C4840005C6FA /* OpenSSL-for-iOS-Info.plist */,
				533ED30D1528C4840005C6FA /* OpenSSL-for-iOS-Prefix.pch */,
				2A3820FE1BFB5EEA00328618 /* OpenSSL-for-iOS-Bridging-Header.h */,
			);
			name = "Supporting Files";
			sourceTree = "<group>";
		};
		53572A50183AAFFE00B21832 /* OpenSSL-for-iOS_Tests */ = {
			isa = PBXGroup;
			children = (
				53572A56183AAFFE00B21832 /* FSOpenSSLTests.m */,
				53572A51183AAFFE00B21832 /* Supporting Files */,
			);
			path = "OpenSSL-for-iOS_Tests";
			sourceTree = "<group>";
		};
		53572A51183AAFFE00B21832 /* Supporting Files */ = {
			isa = PBXGroup;
			children = (
				53572A52183AAFFE00B21832 /* OpenSSL-for-iOS_Tests-Info.plist */,
				53572A53183AAFFE00B21832 /* InfoPlist.strings */,
				53572A58183AAFFE00B21832 /* OpenSSL-for-iOS_Tests-Prefix.pch */,
			);
			name = "Supporting Files";
			sourceTree = "<group>";
		};
		FD5896FD1B2F1FFC00F3E5B5 /* Scripts */ = {
			isa = PBXGroup;
			children = (
				FD5896FA1B2F1FAA00F3E5B5 /* build-libssl.sh */,
				FD5896FB1B2F1FB800F3E5B5 /* create-openssl-framework.sh */,
			);
			name = Scripts;
			sourceTree = "<group>";
		};
/* End PBXGroup section */

/* Begin PBXNativeTarget section */
		2A8A9A6E1BFA59F7002944B4 /* OpenSSL-for-tvOS */ = {
			isa = PBXNativeTarget;
			buildConfigurationList = 2A8A9A821BFA59F7002944B4 /* Build configuration list for PBXNativeTarget "OpenSSL-for-tvOS" */;
			buildPhases = (
				2A8A9A6B1BFA59F7002944B4 /* Sources */,
				2A8A9A6C1BFA59F7002944B4 /* Frameworks */,
				2A8A9A6D1BFA59F7002944B4 /* Resources */,
			);
			buildRules = (
			);
			dependencies = (
			);
			name = "OpenSSL-for-tvOS";
			productName = "OpenSSL-for-tvOS";
			productReference = 2A8A9A6F1BFA59F7002944B4 /* OpenSSL-for-tvOS.app */;
			productType = "com.apple.product-type.application";
		};
		533ED2FA1528C4840005C6FA /* OpenSSL-for-iOS */ = {
			isa = PBXNativeTarget;
			buildConfigurationList = 533ED31C1528C4840005C6FA /* Build configuration list for PBXNativeTarget "OpenSSL-for-iOS" */;
			buildPhases = (
				535C0E0B1B51253B0043FE32 /* Run Script */,
				533ED2F71528C4840005C6FA /* Sources */,
				533ED2F81528C4840005C6FA /* Frameworks */,
				533ED2F91528C4840005C6FA /* Resources */,
			);
			buildRules = (
			);
			dependencies = (
			);
			name = "OpenSSL-for-iOS";
			productName = "OpenSSL-for-iOS";
			productReference = 533ED2FB1528C4840005C6FA /* OpenSSL.app */;
			productType = "com.apple.product-type.application";
		};
		53572A4A183AAFFE00B21832 /* OpenSSL-for-iOS_Tests */ = {
			isa = PBXNativeTarget;
			buildConfigurationList = 53572A5D183AAFFE00B21832 /* Build configuration list for PBXNativeTarget "OpenSSL-for-iOS_Tests" */;
			buildPhases = (
				53572A47183AAFFE00B21832 /* Sources */,
				53572A48183AAFFE00B21832 /* Frameworks */,
				53572A49183AAFFE00B21832 /* Resources */,
			);
			buildRules = (
			);
			dependencies = (
				53572A5A183AAFFE00B21832 /* PBXTargetDependency */,
			);
			name = "OpenSSL-for-iOS_Tests";
			productName = "OpenSSL-for-iOS_Tests";
			productReference = 53572A4B183AAFFE00B21832 /* OpenSSL-for-iOS_Tests.xctest */;
			productType = "com.apple.product-type.bundle.unit-test";
		};
/* End PBXNativeTarget section */

/* Begin PBXProject section */
		533ED2F21528C4840005C6FA /* Project object */ = {
			isa = PBXProject;
			attributes = {
				LastUpgradeCheck = 0800;
				ORGANIZATIONNAME = Immobilienscout24;
				TargetAttributes = {
					2A8A9A6E1BFA59F7002944B4 = {
						CreatedOnToolsVersion = 7.1.1;
						LastSwiftMigration = 0800;
					};
					533ED2FA1528C4840005C6FA = {
						LastSwiftMigration = 0800;
					};
					53572A4A183AAFFE00B21832 = {
						LastSwiftMigration = 0800;
						TestTargetID = 533ED2FA1528C4840005C6FA;
					};
				};
			};
			buildConfigurationList = 533ED2F51528C4840005C6FA /* Build configuration list for PBXProject "OpenSSL-for-iOS" */;
			compatibilityVersion = "Xcode 3.2";
			developmentRegion = English;
			hasScannedForEncodings = 0;
			knownRegions = (
				en,
				Base,
			);
			mainGroup = 533ED2F01528C4840005C6FA;
			productRefGroup = 533ED2FC1528C4840005C6FA /* Products */;
			projectDirPath = "";
			projectRoot = "";
			targets = (
				533ED2FA1528C4840005C6FA /* OpenSSL-for-iOS */,
				53572A4A183AAFFE00B21832 /* OpenSSL-for-iOS_Tests */,
				2A8A9A6E1BFA59F7002944B4 /* OpenSSL-for-tvOS */,
			);
		};
/* End PBXProject section */

/* Begin PBXResourcesBuildPhase section */
		2A8A9A6D1BFA59F7002944B4 /* Resources */ = {
			isa = PBXResourcesBuildPhase;
			buildActionMask = 2147483647;
			files = (
				2A8A9A851BFA5AFF002944B4 /* ViewController~tv.xib in Resources */,
				2A8A9A7E1BFA59F7002944B4 /* Assets.xcassets in Resources */,
			);
			runOnlyForDeploymentPostprocessing = 0;
		};
		533ED2F91528C4840005C6FA /* Resources */ = {
			isa = PBXResourcesBuildPhase;
			buildActionMask = 2147483647;
			files = (
				2A1DDC8F1BFB1DF600F7722A /* ViewController.xib in Resources */,
				534FB2AE180975D700B5F868 /* Icons.xcassets in Resources */,
			);
			runOnlyForDeploymentPostprocessing = 0;
		};
		53572A49183AAFFE00B21832 /* Resources */ = {
			isa = PBXResourcesBuildPhase;
			buildActionMask = 2147483647;
			files = (
				53572A55183AAFFE00B21832 /* InfoPlist.strings in Resources */,
			);
			runOnlyForDeploymentPostprocessing = 0;
		};
/* End PBXResourcesBuildPhase section */

/* Begin PBXShellScriptBuildPhase section */
		535C0E0B1B51253B0043FE32 /* Run Script */ = {
			isa = PBXShellScriptBuildPhase;
			buildActionMask = 2147483647;
			files = (
			);
			inputPaths = (
			);
			name = "Run Script";
			outputPaths = (
			);
			runOnlyForDeploymentPostprocessing = 0;
			shellPath = /bin/sh;
			shellScript = "if [ ! -f lib/libcrypto.a ]; then\n    echo \"error: Please run ./build-libssl.h first\"\n    exit 1\nfi";
			showEnvVarsInLog = 0;
		};
/* End PBXShellScriptBuildPhase section */

/* Begin PBXSourcesBuildPhase section */
		2A8A9A6B1BFA59F7002944B4 /* Sources */ = {
			isa = PBXSourcesBuildPhase;
			buildActionMask = 2147483647;
			files = (
				2A3821161BFB641E00328618 /* AppDelegate.swift in Sources */,
				2A3821171BFB642000328618 /* ViewController.swift in Sources */,
				2A8A9A871BFA5B6A002944B4 /* FSOpenSSL.m in Sources */,
			);
			runOnlyForDeploymentPostprocessing = 0;
		};
		533ED2F71528C4840005C6FA /* Sources */ = {
			isa = PBXSourcesBuildPhase;
			buildActionMask = 2147483647;
			files = (
				2A3821001BFB5EEB00328618 /* AppDelegate.swift in Sources */,
				2A3821021BFB607A00328618 /* ViewController.swift in Sources */,
				D1E978031547EE765CD39AD2 /* FSOpenSSL.m in Sources */,
			);
			runOnlyForDeploymentPostprocessing = 0;
		};
		53572A47183AAFFE00B21832 /* Sources */ = {
			isa = PBXSourcesBuildPhase;
			buildActionMask = 2147483647;
			files = (
				53572A57183AAFFE00B21832 /* FSOpenSSLTests.m in Sources */,
			);
			runOnlyForDeploymentPostprocessing = 0;
		};
/* End PBXSourcesBuildPhase section */

/* Begin PBXTargetDependency section */
		53572A5A183AAFFE00B21832 /* PBXTargetDependency */ = {
			isa = PBXTargetDependency;
			target = 533ED2FA1528C4840005C6FA /* OpenSSL-for-iOS */;
			targetProxy = 53572A59183AAFFE00B21832 /* PBXContainerItemProxy */;
		};
/* End PBXTargetDependency section */

/* Begin PBXVariantGroup section */
		53572A53183AAFFE00B21832 /* InfoPlist.strings */ = {
			isa = PBXVariantGroup;
			children = (
				53572A54183AAFFE00B21832 /* en */,
			);
			name = InfoPlist.strings;
			sourceTree = "<group>";
		};
/* End PBXVariantGroup section */

/* Begin XCBuildConfiguration section */
		2A8A9A801BFA59F7002944B4 /* Debug */ = {
			isa = XCBuildConfiguration;
			buildSettings = {
				ASSETCATALOG_COMPILER_APPICON_NAME = "App Icon & Top Shelf Image";
				ASSETCATALOG_COMPILER_LAUNCHIMAGE_NAME = LaunchImage;
				CLANG_CXX_LANGUAGE_STANDARD = "gnu++0x";
				CLANG_CXX_LIBRARY = "libc++";
				CLANG_ENABLE_MODULES = YES;
				CLANG_WARN_DIRECT_OBJC_ISA_USAGE = YES_ERROR;
				CLANG_WARN_OBJC_ROOT_CLASS = YES_ERROR;
				DEBUG_INFORMATION_FORMAT = dwarf;
				GCC_WARN_ABOUT_RETURN_TYPE = YES_ERROR;
				GCC_WARN_UNINITIALIZED_AUTOS = YES_AGGRESSIVE;
				INFOPLIST_FILE = "OpenSSL-for-tvOS/Info.plist";
				LD_RUNPATH_SEARCH_PATHS = "$(inherited) @executable_path/Frameworks";
				LIBRARY_SEARCH_PATHS = (
					"$(inherited)",
					"$(PROJECT_DIR)/lib",
				);
				MTL_ENABLE_DEBUG_INFO = YES;
				PRODUCT_BUNDLE_IDENTIFIER = "de.felixschulze.OpenSSL-for-tvOS";
				PRODUCT_NAME = "$(TARGET_NAME)";
				SDKROOT = appletvos;
				SWIFT_OBJC_BRIDGING_HEADER = "OpenSSL-for-iOS/OpenSSL-for-iOS-Bridging-Header.h";
				SWIFT_VERSION = 3.0;
				TARGETED_DEVICE_FAMILY = 3;
				TVOS_DEPLOYMENT_TARGET = 9.0;
			};
			name = Debug;
		};
		2A8A9A811BFA59F7002944B4 /* Release */ = {
			isa = XCBuildConfiguration;
			buildSettings = {
				ASSETCATALOG_COMPILER_APPICON_NAME = "App Icon & Top Shelf Image";
				ASSETCATALOG_COMPILER_LAUNCHIMAGE_NAME = LaunchImage;
				CLANG_CXX_LANGUAGE_STANDARD = "gnu++0x";
				CLANG_CXX_LIBRARY = "libc++";
				CLANG_ENABLE_MODULES = YES;
				CLANG_WARN_DIRECT_OBJC_ISA_USAGE = YES_ERROR;
				CLANG_WARN_OBJC_ROOT_CLASS = YES_ERROR;
				COPY_PHASE_STRIP = NO;
				DEBUG_INFORMATION_FORMAT = "dwarf-with-dsym";
				ENABLE_NS_ASSERTIONS = NO;
				GCC_WARN_ABOUT_RETURN_TYPE = YES_ERROR;
				GCC_WARN_UNINITIALIZED_AUTOS = YES_AGGRESSIVE;
				INFOPLIST_FILE = "OpenSSL-for-tvOS/Info.plist";
				LD_RUNPATH_SEARCH_PATHS = "$(inherited) @executable_path/Frameworks";
				LIBRARY_SEARCH_PATHS = (
					"$(inherited)",
					"$(PROJECT_DIR)/lib",
				);
				MTL_ENABLE_DEBUG_INFO = NO;
				PRODUCT_BUNDLE_IDENTIFIER = "de.felixschulze.OpenSSL-for-tvOS";
				PRODUCT_NAME = "$(TARGET_NAME)";
				SDKROOT = appletvos;
				SWIFT_OBJC_BRIDGING_HEADER = "OpenSSL-for-iOS/OpenSSL-for-iOS-Bridging-Header.h";
				SWIFT_VERSION = 3.0;
				TARGETED_DEVICE_FAMILY = 3;
				TVOS_DEPLOYMENT_TARGET = 9.0;
			};
			name = Release;
		};
		533ED31A1528C4840005C6FA /* Debug */ = {
			isa = XCBuildConfiguration;
			buildSettings = {
				ALWAYS_SEARCH_USER_PATHS = NO;
				CLANG_ENABLE_OBJC_ARC = YES;
				CLANG_WARN_BOOL_CONVERSION = YES;
				CLANG_WARN_CONSTANT_CONVERSION = YES;
				CLANG_WARN_EMPTY_BODY = YES;
				CLANG_WARN_ENUM_CONVERSION = YES;
				CLANG_WARN_INFINITE_RECURSION = YES;
				CLANG_WARN_INT_CONVERSION = YES;
				CLANG_WARN_SUSPICIOUS_MOVE = YES;
				CLANG_WARN_UNREACHABLE_CODE = YES;
				CLANG_WARN__DUPLICATE_METHOD_MATCH = YES;
				CODE_SIGN_IDENTITY = "iPhone Developer";
				COPY_PHASE_STRIP = NO;
				ENABLE_STRICT_OBJC_MSGSEND = YES;
				ENABLE_TESTABILITY = YES;
				GCC_C_LANGUAGE_STANDARD = gnu99;
				GCC_DYNAMIC_NO_PIC = NO;
				GCC_NO_COMMON_BLOCKS = YES;
				GCC_OPTIMIZATION_LEVEL = 0;
				GCC_PREPROCESSOR_DEFINITIONS = (
					"DEBUG=1",
					"$(inherited)",
				);
				GCC_SYMBOLS_PRIVATE_EXTERN = NO;
				GCC_VERSION = com.apple.compilers.llvm.clang.1_0;
				GCC_WARN_64_TO_32_BIT_CONVERSION = YES;
				GCC_WARN_ABOUT_RETURN_TYPE = YES;
				GCC_WARN_UNDECLARED_SELECTOR = YES;
				GCC_WARN_UNINITIALIZED_AUTOS = YES;
				GCC_WARN_UNUSED_FUNCTION = YES;
				GCC_WARN_UNUSED_VARIABLE = YES;
				HEADER_SEARCH_PATHS = "include/**";
				IPHONEOS_DEPLOYMENT_TARGET = 8.0;
				ONLY_ACTIVE_ARCH = YES;
				SDKROOT = iphoneos;
				TARGETED_DEVICE_FAMILY = "1,2";
				TVOS_DEPLOYMENT_TARGET = 9.0;
			};
			name = Debug;
		};
		533ED31B1528C4840005C6FA /* Release */ = {
			isa = XCBuildConfiguration;
			buildSettings = {
				ALWAYS_SEARCH_USER_PATHS = NO;
				CLANG_ENABLE_OBJC_ARC = YES;
				CLANG_WARN_BOOL_CONVERSION = YES;
				CLANG_WARN_CONSTANT_CONVERSION = YES;
				CLANG_WARN_EMPTY_BODY = YES;
				CLANG_WARN_ENUM_CONVERSION = YES;
				CLANG_WARN_INFINITE_RECURSION = YES;
				CLANG_WARN_INT_CONVERSION = YES;
				CLANG_WARN_SUSPICIOUS_MOVE = YES;
				CLANG_WARN_UNREACHABLE_CODE = YES;
				CLANG_WARN__DUPLICATE_METHOD_MATCH = YES;
				CODE_SIGN_IDENTITY = "iPhone Developer";
				COPY_PHASE_STRIP = YES;
				ENABLE_STRICT_OBJC_MSGSEND = YES;
				GCC_C_LANGUAGE_STANDARD = gnu99;
				GCC_NO_COMMON_BLOCKS = YES;
				GCC_VERSION = com.apple.compilers.llvm.clang.1_0;
				GCC_WARN_64_TO_32_BIT_CONVERSION = YES;
				GCC_WARN_ABOUT_RETURN_TYPE = YES;
				GCC_WARN_UNDECLARED_SELECTOR = YES;
				GCC_WARN_UNINITIALIZED_AUTOS = YES;
				GCC_WARN_UNUSED_FUNCTION = YES;
				GCC_WARN_UNUSED_VARIABLE = YES;
				HEADER_SEARCH_PATHS = "include/**";
				IPHONEOS_DEPLOYMENT_TARGET = 8.0;
				OTHER_CFLAGS = "-DNS_BLOCK_ASSERTIONS=1";
				SDKROOT = iphoneos;
				SWIFT_OPTIMIZATION_LEVEL = "-Owholemodule";
				TARGETED_DEVICE_FAMILY = "1,2";
				TVOS_DEPLOYMENT_TARGET = 9.0;
				VALIDATE_PRODUCT = YES;
			};
			name = Release;
		};
		533ED31D1528C4840005C6FA /* Debug */ = {
			isa = XCBuildConfiguration;
			buildSettings = {
				ASSETCATALOG_COMPILER_APPICON_NAME = AppIcon;
				ASSETCATALOG_COMPILER_LAUNCHIMAGE_NAME = LaunchImage;
				CLANG_ENABLE_MODULES = YES;
				GCC_PRECOMPILE_PREFIX_HEADER = YES;
				GCC_PREFIX_HEADER = "OpenSSL-for-iOS/OpenSSL-for-iOS-Prefix.pch";
				INFOPLIST_FILE = "OpenSSL-for-iOS/OpenSSL-for-iOS-Info.plist";
				LD_RUNPATH_SEARCH_PATHS = "$(inherited) @executable_path/Frameworks";
				LIBRARY_SEARCH_PATHS = (
					"$(inherited)",
					"\"$(SRCROOT)/lib\"",
				);
				PRODUCT_BUNDLE_IDENTIFIER = "de.felixschulze.${PRODUCT_NAME:rfc1034identifier}";
				PRODUCT_NAME = OpenSSL;
				SWIFT_OBJC_BRIDGING_HEADER = "OpenSSL-for-iOS/OpenSSL-for-iOS-Bridging-Header.h";
				SWIFT_OPTIMIZATION_LEVEL = "-Onone";
				SWIFT_VERSION = 3.0;
				WRAPPER_EXTENSION = app;
			};
			name = Debug;
		};
		533ED31E1528C4840005C6FA /* Release */ = {
			isa = XCBuildConfiguration;
			buildSettings = {
				ASSETCATALOG_COMPILER_APPICON_NAME = AppIcon;
				ASSETCATALOG_COMPILER_LAUNCHIMAGE_NAME = LaunchImage;
				CLANG_ENABLE_MODULES = YES;
				GCC_PRECOMPILE_PREFIX_HEADER = YES;
				GCC_PREFIX_HEADER = "OpenSSL-for-iOS/OpenSSL-for-iOS-Prefix.pch";
				INFOPLIST_FILE = "OpenSSL-for-iOS/OpenSSL-for-iOS-Info.plist";
				LD_RUNPATH_SEARCH_PATHS = "$(inherited) @executable_path/Frameworks";
				LIBRARY_SEARCH_PATHS = (
					"$(inherited)",
					"\"$(SRCROOT)/lib\"",
				);
				PRODUCT_BUNDLE_IDENTIFIER = "de.felixschulze.${PRODUCT_NAME:rfc1034identifier}";
				PRODUCT_NAME = OpenSSL;
				SWIFT_OBJC_BRIDGING_HEADER = "OpenSSL-for-iOS/OpenSSL-for-iOS-Bridging-Header.h";
				SWIFT_VERSION = 3.0;
				WRAPPER_EXTENSION = app;
			};
			name = Release;
		};
		53572A5B183AAFFE00B21832 /* Debug */ = {
			isa = XCBuildConfiguration;
			buildSettings = {
				BUNDLE_LOADER = "$(BUILT_PRODUCTS_DIR)/OpenSSL.app/OpenSSL";
				CLANG_CXX_LANGUAGE_STANDARD = "gnu++0x";
				CLANG_CXX_LIBRARY = "libc++";
				CLANG_ENABLE_MODULES = YES;
				CLANG_WARN_BOOL_CONVERSION = YES;
				CLANG_WARN_CONSTANT_CONVERSION = YES;
				CLANG_WARN_DIRECT_OBJC_ISA_USAGE = YES_ERROR;
				CLANG_WARN_EMPTY_BODY = YES;
				CLANG_WARN_ENUM_CONVERSION = YES;
				CLANG_WARN_INT_CONVERSION = YES;
				CLANG_WARN_OBJC_ROOT_CLASS = YES_ERROR;
				CLANG_WARN__DUPLICATE_METHOD_MATCH = YES;
				GCC_PRECOMPILE_PREFIX_HEADER = YES;
				GCC_PREFIX_HEADER = "OpenSSL-for-iOS_Tests/OpenSSL-for-iOS_Tests-Prefix.pch";
				GCC_PREPROCESSOR_DEFINITIONS = (
					"DEBUG=1",
					"$(inherited)",
				);
				GCC_WARN_64_TO_32_BIT_CONVERSION = YES;
				GCC_WARN_ABOUT_RETURN_TYPE = YES_ERROR;
				GCC_WARN_UNDECLARED_SELECTOR = YES;
				GCC_WARN_UNUSED_FUNCTION = YES;
				INFOPLIST_FILE = "OpenSSL-for-iOS_Tests/OpenSSL-for-iOS_Tests-Info.plist";
				ONLY_ACTIVE_ARCH = YES;
				PRODUCT_BUNDLE_IDENTIFIER = "de.felixschulze.${PRODUCT_NAME:rfc1034identifier}";
				PRODUCT_NAME = "$(TARGET_NAME)";
				SWIFT_VERSION = 3.0;
				TEST_HOST = "$(BUNDLE_LOADER)";
				WRAPPER_EXTENSION = xctest;
			};
			name = Debug;
		};
		53572A5C183AAFFE00B21832 /* Release */ = {
			isa = XCBuildConfiguration;
			buildSettings = {
				BUNDLE_LOADER = "$(BUILT_PRODUCTS_DIR)/OpenSSL.app/OpenSSL";
				CLANG_CXX_LANGUAGE_STANDARD = "gnu++0x";
				CLANG_CXX_LIBRARY = "libc++";
				CLANG_ENABLE_MODULES = YES;
				CLANG_WARN_BOOL_CONVERSION = YES;
				CLANG_WARN_CONSTANT_CONVERSION = YES;
				CLANG_WARN_DIRECT_OBJC_ISA_USAGE = YES_ERROR;
				CLANG_WARN_EMPTY_BODY = YES;
				CLANG_WARN_ENUM_CONVERSION = YES;
				CLANG_WARN_INT_CONVERSION = YES;
				CLANG_WARN_OBJC_ROOT_CLASS = YES_ERROR;
				CLANG_WARN__DUPLICATE_METHOD_MATCH = YES;
				ENABLE_NS_ASSERTIONS = NO;
				GCC_PRECOMPILE_PREFIX_HEADER = YES;
				GCC_PREFIX_HEADER = "OpenSSL-for-iOS_Tests/OpenSSL-for-iOS_Tests-Prefix.pch";
				GCC_WARN_64_TO_32_BIT_CONVERSION = YES;
				GCC_WARN_ABOUT_RETURN_TYPE = YES_ERROR;
				GCC_WARN_UNDECLARED_SELECTOR = YES;
				GCC_WARN_UNUSED_FUNCTION = YES;
				INFOPLIST_FILE = "OpenSSL-for-iOS_Tests/OpenSSL-for-iOS_Tests-Info.plist";
				PRODUCT_BUNDLE_IDENTIFIER = "de.felixschulze.${PRODUCT_NAME:rfc1034identifier}";
				PRODUCT_NAME = "$(TARGET_NAME)";
				SWIFT_VERSION = 3.0;
				TEST_HOST = "$(BUNDLE_LOADER)";
				WRAPPER_EXTENSION = xctest;
			};
			name = Release;
		};
/* End XCBuildConfiguration section */

/* Begin XCConfigurationList section */
		2A8A9A821BFA59F7002944B4 /* Build configuration list for PBXNativeTarget "OpenSSL-for-tvOS" */ = {
			isa = XCConfigurationList;
			buildConfigurations = (
				2A8A9A801BFA59F7002944B4 /* Debug */,
				2A8A9A811BFA59F7002944B4 /* Release */,
			);
			defaultConfigurationIsVisible = 0;
			defaultConfigurationName = Release;
		};
		533ED2F51528C4840005C6FA /* Build configuration list for PBXProject "OpenSSL-for-iOS" */ = {
			isa = XCConfigurationList;
			buildConfigurations = (
				533ED31A1528C4840005C6FA /* Debug */,
				533ED31B1528C4840005C6FA /* Release */,
			);
			defaultConfigurationIsVisible = 0;
			defaultConfigurationName = Release;
		};
		533ED31C1528C4840005C6FA /* Build configuration list for PBXNativeTarget "OpenSSL-for-iOS" */ = {
			isa = XCConfigurationList;
			buildConfigurations = (
				533ED31D1528C4840005C6FA /* Debug */,
				533ED31E1528C4840005C6FA /* Release */,
			);
			defaultConfigurationIsVisible = 0;
			defaultConfigurationName = Release;
		};
		53572A5D183AAFFE00B21832 /* Build configuration list for PBXNativeTarget "OpenSSL-for-iOS_Tests" */ = {
			isa = XCConfigurationList;
			buildConfigurations = (
				53572A5B183AAFFE00B21832 /* Debug */,
				53572A5C183AAFFE00B21832 /* Release */,
			);
			defaultConfigurationIsVisible = 0;
			defaultConfigurationName = Release;
		};
/* End XCConfigurationList section */
	};
	rootObject = 533ED2F21528C4840005C6FA /* Project object */;
}
